// !$*UTF8*$!
{
	archiveVersion = 1;
	classes = {
	};
	objectVersion = 56;
	objects = {

/* Begin PBXBuildFile section */
		CE6DBDDC2C4A61190058A48F /* InputNameView.swift in Sources */ = {isa = PBXBuildFile; fileRef = CE6DBDDB2C4A61190058A48F /* InputNameView.swift */; };
		CE6DBDE22C4A67B60058A48F /* UpdateItemView.swift in Sources */ = {isa = PBXBuildFile; fileRef = CE6DBDE12C4A67B60058A48F /* UpdateItemView.swift */; };
		CE6DBDE42C4A6FF90058A48F /* EditContentView.swift in Sources */ = {isa = PBXBuildFile; fileRef = CE6DBDE32C4A6FF90058A48F /* EditContentView.swift */; };
		CE6DBDE92C4A93A70058A48F /* CategoryView.swift in Sources */ = {isa = PBXBuildFile; fileRef = CE6DBDE82C4A93A70058A48F /* CategoryView.swift */; };
		CE6DBDEE2C4AA9360058A48F /* Category.swift in Sources */ = {isa = PBXBuildFile; fileRef = CE6DBDED2C4AA9360058A48F /* Category.swift */; };
		CE6DBE0D2C4AB9C40058A48F /* ConstantValues.swift in Sources */ = {isa = PBXBuildFile; fileRef = CE6DBE0C2C4AB9C30058A48F /* ConstantValues.swift */; };
		CED88D8E2C49A52500AF0A08 /* CrazyTodoApp.swift in Sources */ = {isa = PBXBuildFile; fileRef = CED88D8D2C49A52500AF0A08 /* CrazyTodoApp.swift */; };
		CED88D922C49A52500AF0A08 /* Item.swift in Sources */ = {isa = PBXBuildFile; fileRef = CED88D912C49A52500AF0A08 /* Item.swift */; };
		CED88D942C49A52D00AF0A08 /* Assets.xcassets in Resources */ = {isa = PBXBuildFile; fileRef = CED88D932C49A52D00AF0A08 /* Assets.xcassets */; };
		CED88D972C49A52D00AF0A08 /* Preview Assets.xcassets in Resources */ = {isa = PBXBuildFile; fileRef = CED88D962C49A52D00AF0A08 /* Preview Assets.xcassets */; };
		CED88D9E2C49A5E900AF0A08 /* MainView.swift in Sources */ = {isa = PBXBuildFile; fileRef = CED88D9D2C49A5E900AF0A08 /* MainView.swift */; };
/* End PBXBuildFile section */

/* Begin PBXFileReference section */
		CE6DBDDB2C4A61190058A48F /* InputNameView.swift */ = {isa = PBXFileReference; lastKnownFileType = sourcecode.swift; path = InputNameView.swift; sourceTree = "<group>"; };
		CE6DBDE12C4A67B60058A48F /* UpdateItemView.swift */ = {isa = PBXFileReference; lastKnownFileType = sourcecode.swift; path = UpdateItemView.swift; sourceTree = "<group>"; };
		CE6DBDE32C4A6FF90058A48F /* EditContentView.swift */ = {isa = PBXFileReference; lastKnownFileType = sourcecode.swift; path = EditContentView.swift; sourceTree = "<group>"; };
		CE6DBDE82C4A93A70058A48F /* CategoryView.swift */ = {isa = PBXFileReference; lastKnownFileType = sourcecode.swift; path = CategoryView.swift; sourceTree = "<group>"; };
		CE6DBDED2C4AA9360058A48F /* Category.swift */ = {isa = PBXFileReference; lastKnownFileType = sourcecode.swift; path = Category.swift; sourceTree = "<group>"; };
		CE6DBE0C2C4AB9C30058A48F /* ConstantValues.swift */ = {isa = PBXFileReference; lastKnownFileType = sourcecode.swift; path = ConstantValues.swift; sourceTree = "<group>"; };
		CED88D8A2C49A52500AF0A08 /* CrazyTodo.app */ = {isa = PBXFileReference; explicitFileType = wrapper.application; includeInIndex = 0; path = CrazyTodo.app; sourceTree = BUILT_PRODUCTS_DIR; };
		CED88D8D2C49A52500AF0A08 /* CrazyTodoApp.swift */ = {isa = PBXFileReference; lastKnownFileType = sourcecode.swift; path = CrazyTodoApp.swift; sourceTree = "<group>"; };
		CED88D912C49A52500AF0A08 /* Item.swift */ = {isa = PBXFileReference; lastKnownFileType = sourcecode.swift; path = Item.swift; sourceTree = "<group>"; };
		CED88D932C49A52D00AF0A08 /* Assets.xcassets */ = {isa = PBXFileReference; lastKnownFileType = folder.assetcatalog; path = Assets.xcassets; sourceTree = "<group>"; };
		CED88D962C49A52D00AF0A08 /* Preview Assets.xcassets */ = {isa = PBXFileReference; lastKnownFileType = folder.assetcatalog; path = "Preview Assets.xcassets"; sourceTree = "<group>"; };
		CED88D9D2C49A5E900AF0A08 /* MainView.swift */ = {isa = PBXFileReference; lastKnownFileType = sourcecode.swift; path = MainView.swift; sourceTree = "<group>"; };
/* End PBXFileReference section */

/* Begin PBXFrameworksBuildPhase section */
		CED88D872C49A52500AF0A08 /* Frameworks */ = {
			isa = PBXFrameworksBuildPhase;
			buildActionMask = 2147483647;
			files = (
			);
			runOnlyForDeploymentPostprocessing = 0;
		};
/* End PBXFrameworksBuildPhase section */

/* Begin PBXGroup section */
		CE6DBDEC2C4AA9230058A48F /* Struct */ = {
			isa = PBXGroup;
			children = (
				CE6DBDED2C4AA9360058A48F /* Category.swift */,
			);
			path = Struct;
			sourceTree = "<group>";
		};
		CE6DBE0B2C4AB9AF0058A48F /* ConstantValues */ = {
			isa = PBXGroup;
			children = (
				CE6DBE0C2C4AB9C30058A48F /* ConstantValues.swift */,
			);
			path = ConstantValues;
			sourceTree = "<group>";
		};
		CED88D812C49A52500AF0A08 = {
			isa = PBXGroup;
			children = (
				CED88D8C2C49A52500AF0A08 /* CrazyTodo */,
				CED88D8B2C49A52500AF0A08 /* Products */,
			);
			sourceTree = "<group>";
		};
		CED88D8B2C49A52500AF0A08 /* Products */ = {
			isa = PBXGroup;
			children = (
				CED88D8A2C49A52500AF0A08 /* CrazyTodo.app */,
			);
			name = Products;
			sourceTree = "<group>";
		};
		CED88D8C2C49A52500AF0A08 /* CrazyTodo */ = {
			isa = PBXGroup;
			children = (
				CE6DBE0B2C4AB9AF0058A48F /* ConstantValues */,
				CE6DBDEC2C4AA9230058A48F /* Struct */,
				CED88D8D2C49A52500AF0A08 /* CrazyTodoApp.swift */,
				CED88D9D2C49A5E900AF0A08 /* MainView.swift */,
				CE6DBDE12C4A67B60058A48F /* UpdateItemView.swift */,
				CED88D912C49A52500AF0A08 /* Item.swift */,
				CE6DBDDB2C4A61190058A48F /* InputNameView.swift */,
				CE6DBDE32C4A6FF90058A48F /* EditContentView.swift */,
				CE6DBDE82C4A93A70058A48F /* CategoryView.swift */,
				CED88D932C49A52D00AF0A08 /* Assets.xcassets */,
				CED88D952C49A52D00AF0A08 /* Preview Content */,
			);
			path = CrazyTodo;
			sourceTree = "<group>";
		};
		CED88D952C49A52D00AF0A08 /* Preview Content */ = {
			isa = PBXGroup;
			children = (
				CED88D962C49A52D00AF0A08 /* Preview Assets.xcassets */,
			);
			path = "Preview Content";
			sourceTree = "<group>";
		};
/* End PBXGroup section */

/* Begin PBXNativeTarget section */
		CED88D892C49A52500AF0A08 /* CrazyTodo */ = {
			isa = PBXNativeTarget;
			buildConfigurationList = CED88D9A2C49A52D00AF0A08 /* Build configuration list for PBXNativeTarget "CrazyTodo" */;
			buildPhases = (
				CED88D862C49A52500AF0A08 /* Sources */,
				CED88D872C49A52500AF0A08 /* Frameworks */,
				CED88D882C49A52500AF0A08 /* Resources */,
			);
			buildRules = (
			);
			dependencies = (
			);
			name = CrazyTodo;
			productName = CrazyTodo;
			productReference = CED88D8A2C49A52500AF0A08 /* CrazyTodo.app */;
			productType = "com.apple.product-type.application";
		};
/* End PBXNativeTarget section */

/* Begin PBXProject section */
		CED88D822C49A52500AF0A08 /* Project object */ = {
			isa = PBXProject;
			attributes = {
				BuildIndependentTargetsInParallel = 1;
				LastSwiftUpdateCheck = 1540;
				LastUpgradeCheck = 1540;
				TargetAttributes = {
					CED88D892C49A52500AF0A08 = {
						CreatedOnToolsVersion = 15.4;
					};
				};
			};
			buildConfigurationList = CED88D852C49A52500AF0A08 /* Build configuration list for PBXProject "CrazyTodo" */;
			compatibilityVersion = "Xcode 14.0";
			developmentRegion = en;
			hasScannedForEncodings = 0;
			knownRegions = (
				en,
				Base,
			);
			mainGroup = CED88D812C49A52500AF0A08;
			productRefGroup = CED88D8B2C49A52500AF0A08 /* Products */;
			projectDirPath = "";
			projectRoot = "";
			targets = (
				CED88D892C49A52500AF0A08 /* CrazyTodo */,
			);
		};
/* End PBXProject section */

/* Begin PBXResourcesBuildPhase section */
		CED88D882C49A52500AF0A08 /* Resources */ = {
			isa = PBXResourcesBuildPhase;
			buildActionMask = 2147483647;
			files = (
				CED88D972C49A52D00AF0A08 /* Preview Assets.xcassets in Resources */,
				CED88D942C49A52D00AF0A08 /* Assets.xcassets in Resources */,
			);
			runOnlyForDeploymentPostprocessing = 0;
		};
/* End PBXResourcesBuildPhase section */

/* Begin PBXSourcesBuildPhase section */
		CED88D862C49A52500AF0A08 /* Sources */ = {
			isa = PBXSourcesBuildPhase;
			buildActionMask = 2147483647;
			files = (
				CE6DBDE42C4A6FF90058A48F /* EditContentView.swift in Sources */,
				CE6DBDDC2C4A61190058A48F /* InputNameView.swift in Sources */,
				CE6DBDE22C4A67B60058A48F /* UpdateItemView.swift in Sources */,
				CED88D9E2C49A5E900AF0A08 /* MainView.swift in Sources */,
				CED88D922C49A52500AF0A08 /* Item.swift in Sources */,
				CED88D8E2C49A52500AF0A08 /* CrazyTodoApp.swift in Sources */,
				CE6DBDE92C4A93A70058A48F /* CategoryView.swift in Sources */,
				CE6DBDEE2C4AA9360058A48F /* Category.swift in Sources */,
				CE6DBE0D2C4AB9C40058A48F /* ConstantValues.swift in Sources */,
			);
			runOnlyForDeploymentPostprocessing = 0;
		};
/* End PBXSourcesBuildPhase section */

/* Begin XCBuildConfiguration section */
		CED88D982C49A52D00AF0A08 /* Debug */ = {
			isa = XCBuildConfiguration;
			buildSettings = {
				ALWAYS_SEARCH_USER_PATHS = NO;
				ASSETCATALOG_COMPILER_GENERATE_SWIFT_ASSET_SYMBOL_EXTENSIONS = YES;
				CLANG_ANALYZER_NONNULL = YES;
				CLANG_ANALYZER_NUMBER_OBJECT_CONVERSION = YES_AGGRESSIVE;
				CLANG_CXX_LANGUAGE_STANDARD = "gnu++20";
				CLANG_ENABLE_MODULES = YES;
				CLANG_ENABLE_OBJC_ARC = YES;
				CLANG_ENABLE_OBJC_WEAK = YES;
				CLANG_WARN_BLOCK_CAPTURE_AUTORELEASING = YES;
				CLANG_WARN_BOOL_CONVERSION = YES;
				CLANG_WARN_COMMA = YES;
				CLANG_WARN_CONSTANT_CONVERSION = YES;
				CLANG_WARN_DEPRECATED_OBJC_IMPLEMENTATIONS = YES;
				CLANG_WARN_DIRECT_OBJC_ISA_USAGE = YES_ERROR;
				CLANG_WARN_DOCUMENTATION_COMMENTS = YES;
				CLANG_WARN_EMPTY_BODY = YES;
				CLANG_WARN_ENUM_CONVERSION = YES;
				CLANG_WARN_INFINITE_RECURSION = YES;
				CLANG_WARN_INT_CONVERSION = YES;
				CLANG_WARN_NON_LITERAL_NULL_CONVERSION = YES;
				CLANG_WARN_OBJC_IMPLICIT_RETAIN_SELF = YES;
				CLANG_WARN_OBJC_LITERAL_CONVERSION = YES;
				CLANG_WARN_OBJC_ROOT_CLASS = YES_ERROR;
				CLANG_WARN_QUOTED_INCLUDE_IN_FRAMEWORK_HEADER = YES;
				CLANG_WARN_RANGE_LOOP_ANALYSIS = YES;
				CLANG_WARN_STRICT_PROTOTYPES = YES;
				CLANG_WARN_SUSPICIOUS_MOVE = YES;
				CLANG_WARN_UNGUARDED_AVAILABILITY = YES_AGGRESSIVE;
				CLANG_WARN_UNREACHABLE_CODE = YES;
				CLANG_WARN__DUPLICATE_METHOD_MATCH = YES;
				COPY_PHASE_STRIP = NO;
				DEBUG_INFORMATION_FORMAT = dwarf;
				ENABLE_STRICT_OBJC_MSGSEND = YES;
				ENABLE_TESTABILITY = YES;
				ENABLE_USER_SCRIPT_SANDBOXING = YES;
				GCC_C_LANGUAGE_STANDARD = gnu17;
				GCC_DYNAMIC_NO_PIC = NO;
				GCC_NO_COMMON_BLOCKS = YES;
				GCC_OPTIMIZATION_LEVEL = 0;
				GCC_PREPROCESSOR_DEFINITIONS = (
					"DEBUG=1",
					"$(inherited)",
				);
				GCC_WARN_64_TO_32_BIT_CONVERSION = YES;
				GCC_WARN_ABOUT_RETURN_TYPE = YES_ERROR;
				GCC_WARN_UNDECLARED_SELECTOR = YES;
				GCC_WARN_UNINITIALIZED_AUTOS = YES_AGGRESSIVE;
				GCC_WARN_UNUSED_FUNCTION = YES;
				GCC_WARN_UNUSED_VARIABLE = YES;
				IPHONEOS_DEPLOYMENT_TARGET = 17.5;
				LOCALIZATION_PREFERS_STRING_CATALOGS = YES;
				MTL_ENABLE_DEBUG_INFO = INCLUDE_SOURCE;
				MTL_FAST_MATH = YES;
				ONLY_ACTIVE_ARCH = YES;
				SDKROOT = iphoneos;
				SWIFT_ACTIVE_COMPILATION_CONDITIONS = "DEBUG $(inherited)";
				SWIFT_OPTIMIZATION_LEVEL = "-Onone";
			};
			name = Debug;
		};
		CED88D992C49A52D00AF0A08 /* Release */ = {
			isa = XCBuildConfiguration;
			buildSettings = {
				ALWAYS_SEARCH_USER_PATHS = NO;
				ASSETCATALOG_COMPILER_GENERATE_SWIFT_ASSET_SYMBOL_EXTENSIONS = YES;
				CLANG_ANALYZER_NONNULL = YES;
				CLANG_ANALYZER_NUMBER_OBJECT_CONVERSION = YES_AGGRESSIVE;
				CLANG_CXX_LANGUAGE_STANDARD = "gnu++20";
				CLANG_ENABLE_MODULES = YES;
				CLANG_ENABLE_OBJC_ARC = YES;
				CLANG_ENABLE_OBJC_WEAK = YES;
				CLANG_WARN_BLOCK_CAPTURE_AUTORELEASING = YES;
				CLANG_WARN_BOOL_CONVERSION = YES;
				CLANG_WARN_COMMA = YES;
				CLANG_WARN_CONSTANT_CONVERSION = YES;
				CLANG_WARN_DEPRECATED_OBJC_IMPLEMENTATIONS = YES;
				CLANG_WARN_DIRECT_OBJC_ISA_USAGE = YES_ERROR;
				CLANG_WARN_DOCUMENTATION_COMMENTS = YES;
				CLANG_WARN_EMPTY_BODY = YES;
				CLANG_WARN_ENUM_CONVERSION = YES;
				CLANG_WARN_INFINITE_RECURSION = YES;
				CLANG_WARN_INT_CONVERSION = YES;
				CLANG_WARN_NON_LITERAL_NULL_CONVERSION = YES;
				CLANG_WARN_OBJC_IMPLICIT_RETAIN_SELF = YES;
				CLANG_WARN_OBJC_LITERAL_CONVERSION = YES;
				CLANG_WARN_OBJC_ROOT_CLASS = YES_ERROR;
				CLANG_WARN_QUOTED_INCLUDE_IN_FRAMEWORK_HEADER = YES;
				CLANG_WARN_RANGE_LOOP_ANALYSIS = YES;
				CLANG_WARN_STRICT_PROTOTYPES = YES;
				CLANG_WARN_SUSPICIOUS_MOVE = YES;
				CLANG_WARN_UNGUARDED_AVAILABILITY = YES_AGGRESSIVE;
				CLANG_WARN_UNREACHABLE_CODE = YES;
				CLANG_WARN__DUPLICATE_METHOD_MATCH = YES;
				COPY_PHASE_STRIP = NO;
				DEBUG_INFORMATION_FORMAT = "dwarf-with-dsym";
				ENABLE_NS_ASSERTIONS = NO;
				ENABLE_STRICT_OBJC_MSGSEND = YES;
				ENABLE_USER_SCRIPT_SANDBOXING = YES;
				GCC_C_LANGUAGE_STANDARD = gnu17;
				GCC_NO_COMMON_BLOCKS = YES;
				GCC_WARN_64_TO_32_BIT_CONVERSION = YES;
				GCC_WARN_ABOUT_RETURN_TYPE = YES_ERROR;
				GCC_WARN_UNDECLARED_SELECTOR = YES;
				GCC_WARN_UNINITIALIZED_AUTOS = YES_AGGRESSIVE;
				GCC_WARN_UNUSED_FUNCTION = YES;
				GCC_WARN_UNUSED_VARIABLE = YES;
				IPHONEOS_DEPLOYMENT_TARGET = 17.5;
				LOCALIZATION_PREFERS_STRING_CATALOGS = YES;
				MTL_ENABLE_DEBUG_INFO = NO;
				MTL_FAST_MATH = YES;
				SDKROOT = iphoneos;
				SWIFT_COMPILATION_MODE = wholemodule;
				VALIDATE_PRODUCT = YES;
			};
			name = Release;
		};
		CED88D9B2C49A52D00AF0A08 /* Debug */ = {
			isa = XCBuildConfiguration;
			buildSettings = {
				ASSETCATALOG_COMPILER_APPICON_NAME = AppIcon;
				ASSETCATALOG_COMPILER_GLOBAL_ACCENT_COLOR_NAME = AccentColor;
				CODE_SIGN_STYLE = Automatic;
				CURRENT_PROJECT_VERSION = 1;
				DEVELOPMENT_ASSET_PATHS = "\"CrazyTodo/Preview Content\"";
				ENABLE_PREVIEWS = YES;
				GENERATE_INFOPLIST_FILE = YES;
				INFOPLIST_KEY_UIApplicationSceneManifest_Generation = YES;
				INFOPLIST_KEY_UIApplicationSupportsIndirectInputEvents = YES;
				INFOPLIST_KEY_UILaunchScreen_Generation = YES;
				INFOPLIST_KEY_UISupportedInterfaceOrientations_iPad = "UIInterfaceOrientationPortrait UIInterfaceOrientationPortraitUpsideDown UIInterfaceOrientationLandscapeLeft UIInterfaceOrientationLandscapeRight";
				INFOPLIST_KEY_UISupportedInterfaceOrientations_iPhone = "UIInterfaceOrientationPortrait UIInterfaceOrientationLandscapeLeft UIInterfaceOrientationLandscapeRight";
				LD_RUNPATH_SEARCH_PATHS = (
					"$(inherited)",
					"@executable_path/Frameworks",
				);
				MARKETING_VERSION = 1.0;
				PRODUCT_BUNDLE_IDENTIFIER = julie.CrazyTodo;
				PRODUCT_NAME = "$(TARGET_NAME)";
				SWIFT_EMIT_LOC_STRINGS = YES;
				SWIFT_VERSION = 5.0;
				TARGETED_DEVICE_FAMILY = "1,2";
			};
			name = Debug;
		};
		CED88D9C2C49A52D00AF0A08 /* Release */ = {
			isa = XCBuildConfiguration;
			buildSettings = {
				ASSETCATALOG_COMPILER_APPICON_NAME = AppIcon;
				ASSETCATALOG_COMPILER_GLOBAL_ACCENT_COLOR_NAME = AccentColor;
				CODE_SIGN_STYLE = Automatic;
				CURRENT_PROJECT_VERSION = 1;
				DEVELOPMENT_ASSET_PATHS = "\"CrazyTodo/Preview Content\"";
				ENABLE_PREVIEWS = YES;
				GENERATE_INFOPLIST_FILE = YES;
				INFOPLIST_KEY_UIApplicationSceneManifest_Generation = YES;
				INFOPLIST_KEY_UIApplicationSupportsIndirectInputEvents = YES;
				INFOPLIST_KEY_UILaunchScreen_Generation = YES;
				INFOPLIST_KEY_UISupportedInterfaceOrientations_iPad = "UIInterfaceOrientationPortrait UIInterfaceOrientationPortraitUpsideDown UIInterfaceOrientationLandscapeLeft UIInterfaceOrientationLandscapeRight";
				INFOPLIST_KEY_UISupportedInterfaceOrientations_iPhone = "UIInterfaceOrientationPortrait UIInterfaceOrientationLandscapeLeft UIInterfaceOrientationLandscapeRight";
				LD_RUNPATH_SEARCH_PATHS = (
					"$(inherited)",
					"@executable_path/Frameworks",
				);
				MARKETING_VERSION = 1.0;
				PRODUCT_BUNDLE_IDENTIFIER = julie.CrazyTodo;
				PRODUCT_NAME = "$(TARGET_NAME)";
				SWIFT_EMIT_LOC_STRINGS = YES;
				SWIFT_VERSION = 5.0;
				TARGETED_DEVICE_FAMILY = "1,2";
			};
			name = Release;
		};
/* End XCBuildConfiguration section */

/* Begin XCConfigurationList section */
		CED88D852C49A52500AF0A08 /* Build configuration list for PBXProject "CrazyTodo" */ = {
			isa = XCConfigurationList;
			buildConfigurations = (
				CED88D982C49A52D00AF0A08 /* Debug */,
				CED88D992C49A52D00AF0A08 /* Release */,
			);
			defaultConfigurationIsVisible = 0;
			defaultConfigurationName = Release;
		};
		CED88D9A2C49A52D00AF0A08 /* Build configuration list for PBXNativeTarget "CrazyTodo" */ = {
			isa = XCConfigurationList;
			buildConfigurations = (
				CED88D9B2C49A52D00AF0A08 /* Debug */,
				CED88D9C2C49A52D00AF0A08 /* Release */,
			);
			defaultConfigurationIsVisible = 0;
			defaultConfigurationName = Release;
		};
/* End XCConfigurationList section */
	};
	rootObject = CED88D822C49A52500AF0A08 /* Project object */;
}
